// !$*UTF8*$!
{
	archiveVersion = 1;
	classes = {
	};
	objectVersion = 53;
	objects = {

/* Begin PBXBuildFile section */
		5242908D2AF0121C00A7F6F2 /* AppDelegate.swift in Sources */ = {isa = PBXBuildFile; fileRef = 5242908C2AF0121C00A7F6F2 /* AppDelegate.swift */; };
		5242908F2AF0121C00A7F6F2 /* SceneDelegate.swift in Sources */ = {isa = PBXBuildFile; fileRef = 5242908E2AF0121C00A7F6F2 /* SceneDelegate.swift */; };
		524290912AF0121C00A7F6F2 /* ViewController.swift in Sources */ = {isa = PBXBuildFile; fileRef = 524290902AF0121C00A7F6F2 /* ViewController.swift */; };
		524290942AF0121C00A7F6F2 /* Main.storyboard in Resources */ = {isa = PBXBuildFile; fileRef = 524290922AF0121C00A7F6F2 /* Main.storyboard */; };
		524290962AF0121C00A7F6F2 /* Assets.xcassets in Resources */ = {isa = PBXBuildFile; fileRef = 524290952AF0121C00A7F6F2 /* Assets.xcassets */; };
		524290992AF0121C00A7F6F2 /* LaunchScreen.storyboard in Resources */ = {isa = PBXBuildFile; fileRef = 524290972AF0121C00A7F6F2 /* LaunchScreen.storyboard */; };
		D97F764B2C12491A324543FE /* Pods_CUtilityDemo.framework in Frameworks */ = {isa = PBXBuildFile; fileRef = 972198D5797567BF22126077 /* Pods_CUtilityDemo.framework */; };
/* End PBXBuildFile section */

/* Begin PBXFileReference section */
		524290892AF0121C00A7F6F2 /* CUtilityDemo.app */ = {isa = PBXFileReference; explicitFileType = wrapper.application; includeInIndex = 0; path = CUtilityDemo.app; sourceTree = BUILT_PRODUCTS_DIR; };
		5242908C2AF0121C00A7F6F2 /* AppDelegate.swift */ = {isa = PBXFileReference; lastKnownFileType = sourcecode.swift; path = AppDelegate.swift; sourceTree = "<group>"; };
		5242908E2AF0121C00A7F6F2 /* SceneDelegate.swift */ = {isa = PBXFileReference; lastKnownFileType = sourcecode.swift; path = SceneDelegate.swift; sourceTree = "<group>"; };
		524290902AF0121C00A7F6F2 /* ViewController.swift */ = {isa = PBXFileReference; lastKnownFileType = sourcecode.swift; path = ViewController.swift; sourceTree = "<group>"; };
		524290932AF0121C00A7F6F2 /* Base */ = {isa = PBXFileReference; lastKnownFileType = file.storyboard; name = Base; path = Base.lproj/Main.storyboard; sourceTree = "<group>"; };
		524290952AF0121C00A7F6F2 /* Assets.xcassets */ = {isa = PBXFileReference; lastKnownFileType = folder.assetcatalog; path = Assets.xcassets; sourceTree = "<group>"; };
		524290982AF0121C00A7F6F2 /* Base */ = {isa = PBXFileReference; lastKnownFileType = file.storyboard; name = Base; path = Base.lproj/LaunchScreen.storyboard; sourceTree = "<group>"; };
		5242909A2AF0121C00A7F6F2 /* Info.plist */ = {isa = PBXFileReference; lastKnownFileType = text.plist.xml; path = Info.plist; sourceTree = "<group>"; };
		95A856C528DCE93FF7E5B419 /* Pods-CUtilityDemo.debug.xcconfig */ = {isa = PBXFileReference; includeInIndex = 1; lastKnownFileType = text.xcconfig; name = "Pods-CUtilityDemo.debug.xcconfig"; path = "Target Support Files/Pods-CUtilityDemo/Pods-CUtilityDemo.debug.xcconfig"; sourceTree = "<group>"; };
		972198D5797567BF22126077 /* Pods_CUtilityDemo.framework */ = {isa = PBXFileReference; explicitFileType = wrapper.framework; includeInIndex = 0; path = Pods_CUtilityDemo.framework; sourceTree = BUILT_PRODUCTS_DIR; };
		A47BDFCFC7BE68D0760C8AD7 /* Pods-CUtilityDemo.release.xcconfig */ = {isa = PBXFileReference; includeInIndex = 1; lastKnownFileType = text.xcconfig; name = "Pods-CUtilityDemo.release.xcconfig"; path = "Target Support Files/Pods-CUtilityDemo/Pods-CUtilityDemo.release.xcconfig"; sourceTree = "<group>"; };
/* End PBXFileReference section */

/* Begin PBXFrameworksBuildPhase section */
		524290862AF0121C00A7F6F2 /* Frameworks */ = {
			isa = PBXFrameworksBuildPhase;
			buildActionMask = 2147483647;
			files = (
				D97F764B2C12491A324543FE /* Pods_CUtilityDemo.framework in Frameworks */,
			);
			runOnlyForDeploymentPostprocessing = 0;
		};
/* End PBXFrameworksBuildPhase section */

/* Begin PBXGroup section */
		01D07936BD447DD19FCA7F0A /* Pods */ = {
			isa = PBXGroup;
			children = (
				95A856C528DCE93FF7E5B419 /* Pods-CUtilityDemo.debug.xcconfig */,
				A47BDFCFC7BE68D0760C8AD7 /* Pods-CUtilityDemo.release.xcconfig */,
			);
			path = Pods;
			sourceTree = "<group>";
		};
		524290802AF0121C00A7F6F2 = {
			isa = PBXGroup;
			children = (
				5242908B2AF0121C00A7F6F2 /* CUtilityDemo */,
				5242908A2AF0121C00A7F6F2 /* Products */,
				01D07936BD447DD19FCA7F0A /* Pods */,
				B0A23EF1B90275F6F0EE500A /* Frameworks */,
			);
			sourceTree = "<group>";
		};
		5242908A2AF0121C00A7F6F2 /* Products */ = {
			isa = PBXGroup;
			children = (
				524290892AF0121C00A7F6F2 /* CUtilityDemo.app */,
			);
			name = Products;
			sourceTree = "<group>";
		};
		5242908B2AF0121C00A7F6F2 /* CUtilityDemo */ = {
			isa = PBXGroup;
			children = (
				5242908C2AF0121C00A7F6F2 /* AppDelegate.swift */,
				5242908E2AF0121C00A7F6F2 /* SceneDelegate.swift */,
				524290902AF0121C00A7F6F2 /* ViewController.swift */,
				524290922AF0121C00A7F6F2 /* Main.storyboard */,
				524290952AF0121C00A7F6F2 /* Assets.xcassets */,
				524290972AF0121C00A7F6F2 /* LaunchScreen.storyboard */,
				5242909A2AF0121C00A7F6F2 /* Info.plist */,
			);
			path = CUtilityDemo;
			sourceTree = "<group>";
		};
		B0A23EF1B90275F6F0EE500A /* Frameworks */ = {
			isa = PBXGroup;
			children = (
				972198D5797567BF22126077 /* Pods_CUtilityDemo.framework */,
			);
			name = Frameworks;
			sourceTree = "<group>";
		};
/* End PBXGroup section */

/* Begin PBXNativeTarget section */
		524290882AF0121C00A7F6F2 /* CUtilityDemo */ = {
			isa = PBXNativeTarget;
			buildConfigurationList = 5242909D2AF0121C00A7F6F2 /* Build configuration list for PBXNativeTarget "CUtilityDemo" */;
			buildPhases = (
				70B239100FC18F7DA2D03A6E /* [CP] Check Pods Manifest.lock */,
				524290852AF0121C00A7F6F2 /* Sources */,
				524290862AF0121C00A7F6F2 /* Frameworks */,
				524290872AF0121C00A7F6F2 /* Resources */,
				E578FFC1AF7F95A188337BFF /* [CP] Embed Pods Frameworks */,
			);
			buildRules = (
			);
			dependencies = (
			);
			name = CUtilityDemo;
			productName = CUtilityDemo;
			productReference = 524290892AF0121C00A7F6F2 /* CUtilityDemo.app */;
			productType = "com.apple.product-type.application";
		};
/* End PBXNativeTarget section */

/* Begin PBXProject section */
		524290812AF0121C00A7F6F2 /* Project object */ = {
			isa = PBXProject;
			attributes = {
				BuildIndependentTargetsInParallel = 1;
				LastSwiftUpdateCheck = 1410;
				LastUpgradeCheck = 1410;
				TargetAttributes = {
					524290882AF0121C00A7F6F2 = {
						CreatedOnToolsVersion = 14.1;
					};
				};
			};
			buildConfigurationList = 524290842AF0121C00A7F6F2 /* Build configuration list for PBXProject "CUtilityDemo" */;
			compatibilityVersion = "Xcode 9.3";
			developmentRegion = en;
			hasScannedForEncodings = 0;
			knownRegions = (
				en,
				Base,
			);
			mainGroup = 524290802AF0121C00A7F6F2;
			productRefGroup = 5242908A2AF0121C00A7F6F2 /* Products */;
			projectDirPath = "";
			projectRoot = "";
			targets = (
				524290882AF0121C00A7F6F2 /* CUtilityDemo */,
			);
		};
/* End PBXProject section */

/* Begin PBXResourcesBuildPhase section */
		524290872AF0121C00A7F6F2 /* Resources */ = {
			isa = PBXResourcesBuildPhase;
			buildActionMask = 2147483647;
			files = (
				524290992AF0121C00A7F6F2 /* LaunchScreen.storyboard in Resources */,
				524290962AF0121C00A7F6F2 /* Assets.xcassets in Resources */,
				524290942AF0121C00A7F6F2 /* Main.storyboard in Resources */,
			);
			runOnlyForDeploymentPostprocessing = 0;
		};
/* End PBXResourcesBuildPhase section */

/* Begin PBXShellScriptBuildPhase section */
		70B239100FC18F7DA2D03A6E /* [CP] Check Pods Manifest.lock */ = {
			isa = PBXShellScriptBuildPhase;
			buildActionMask = 2147483647;
			files = (
			);
			inputFileListPaths = (
			);
			inputPaths = (
				"${PODS_PODFILE_DIR_PATH}/Podfile.lock",
				"${PODS_ROOT}/Manifest.lock",
			);
			name = "[CP] Check Pods Manifest.lock";
			outputFileListPaths = (
			);
			outputPaths = (
				"$(DERIVED_FILE_DIR)/Pods-CUtilityDemo-checkManifestLockResult.txt",
			);
			runOnlyForDeploymentPostprocessing = 0;
			shellPath = /bin/sh;
			shellScript = "diff \"${PODS_PODFILE_DIR_PATH}/Podfile.lock\" \"${PODS_ROOT}/Manifest.lock\" > /dev/null\nif [ $? != 0 ] ; then\n    # print error to STDERR\n    echo \"error: The sandbox is not in sync with the Podfile.lock. Run 'pod install' or update your CocoaPods installation.\" >&2\n    exit 1\nfi\n# This output is used by Xcode 'outputs' to avoid re-running this script phase.\necho \"SUCCESS\" > \"${SCRIPT_OUTPUT_FILE_0}\"\n";
			showEnvVarsInLog = 0;
		};
		E578FFC1AF7F95A188337BFF /* [CP] Embed Pods Frameworks */ = {
			isa = PBXShellScriptBuildPhase;
			buildActionMask = 2147483647;
			files = (
			);
			inputFileListPaths = (
				"${PODS_ROOT}/Target Support Files/Pods-CUtilityDemo/Pods-CUtilityDemo-frameworks-${CONFIGURATION}-input-files.xcfilelist",
			);
			name = "[CP] Embed Pods Frameworks";
			outputFileListPaths = (
				"${PODS_ROOT}/Target Support Files/Pods-CUtilityDemo/Pods-CUtilityDemo-frameworks-${CONFIGURATION}-output-files.xcfilelist",
			);
			runOnlyForDeploymentPostprocessing = 0;
			shellPath = /bin/sh;
			shellScript = "\"${PODS_ROOT}/Target Support Files/Pods-CUtilityDemo/Pods-CUtilityDemo-frameworks.sh\"\n";
			showEnvVarsInLog = 0;
		};
/* End PBXShellScriptBuildPhase section */

/* Begin PBXSourcesBuildPhase section */
		524290852AF0121C00A7F6F2 /* Sources */ = {
			isa = PBXSourcesBuildPhase;
			buildActionMask = 2147483647;
			files = (
				524290912AF0121C00A7F6F2 /* ViewController.swift in Sources */,
				5242908D2AF0121C00A7F6F2 /* AppDelegate.swift in Sources */,
				5242908F2AF0121C00A7F6F2 /* SceneDelegate.swift in Sources */,
			);
			runOnlyForDeploymentPostprocessing = 0;
		};
/* End PBXSourcesBuildPhase section */

/* Begin PBXVariantGroup section */
		524290922AF0121C00A7F6F2 /* Main.storyboard */ = {
			isa = PBXVariantGroup;
			children = (
				524290932AF0121C00A7F6F2 /* Base */,
			);
			name = Main.storyboard;
			sourceTree = "<group>";
		};
		524290972AF0121C00A7F6F2 /* LaunchScreen.storyboard */ = {
			isa = PBXVariantGroup;
			children = (
				524290982AF0121C00A7F6F2 /* Base */,
			);
			name = LaunchScreen.storyboard;
			sourceTree = "<group>";
		};
/* End PBXVariantGroup section */

/* Begin XCBuildConfiguration section */
		5242909B2AF0121C00A7F6F2 /* Debug */ = {
			isa = XCBuildConfiguration;
			buildSettings = {
				ALWAYS_SEARCH_USER_PATHS = NO;
				CLANG_ANALYZER_NONNULL = YES;
				CLANG_ANALYZER_NUMBER_OBJECT_CONVERSION = YES_AGGRESSIVE;
				CLANG_CXX_LANGUAGE_STANDARD = "gnu++20";
				CLANG_ENABLE_MODULES = YES;
				CLANG_ENABLE_OBJC_ARC = YES;
				CLANG_ENABLE_OBJC_WEAK = YES;
				CLANG_WARN_BLOCK_CAPTURE_AUTORELEASING = YES;
				CLANG_WARN_BOOL_CONVERSION = YES;
				CLANG_WARN_COMMA = YES;
				CLANG_WARN_CONSTANT_CONVERSION = YES;
				CLANG_WARN_DEPRECATED_OBJC_IMPLEMENTATIONS = YES;
				CLANG_WARN_DIRECT_OBJC_ISA_USAGE = YES_ERROR;
				CLANG_WARN_DOCUMENTATION_COMMENTS = YES;
				CLANG_WARN_EMPTY_BODY = YES;
				CLANG_WARN_ENUM_CONVERSION = YES;
				CLANG_WARN_INFINITE_RECURSION = YES;
				CLANG_WARN_INT_CONVERSION = YES;
				CLANG_WARN_NON_LITERAL_NULL_CONVERSION = YES;
				CLANG_WARN_OBJC_IMPLICIT_RETAIN_SELF = YES;
				CLANG_WARN_OBJC_LITERAL_CONVERSION = YES;
				CLANG_WARN_OBJC_ROOT_CLASS = YES_ERROR;
				CLANG_WARN_QUOTED_INCLUDE_IN_FRAMEWORK_HEADER = YES;
				CLANG_WARN_RANGE_LOOP_ANALYSIS = YES;
				CLANG_WARN_STRICT_PROTOTYPES = YES;
				CLANG_WARN_SUSPICIOUS_MOVE = YES;
				CLANG_WARN_UNGUARDED_AVAILABILITY = YES_AGGRESSIVE;
				CLANG_WARN_UNREACHABLE_CODE = YES;
				CLANG_WARN__DUPLICATE_METHOD_MATCH = YES;
				COPY_PHASE_STRIP = NO;
				DEBUG_INFORMATION_FORMAT = dwarf;
				ENABLE_STRICT_OBJC_MSGSEND = YES;
				ENABLE_TESTABILITY = YES;
				GCC_C_LANGUAGE_STANDARD = gnu11;
				GCC_DYNAMIC_NO_PIC = NO;
				GCC_NO_COMMON_BLOCKS = YES;
				GCC_OPTIMIZATION_LEVEL = 0;
				GCC_PREPROCESSOR_DEFINITIONS = (
					"DEBUG=1",
					"$(inherited)",
				);
				GCC_WARN_64_TO_32_BIT_CONVERSION = YES;
				GCC_WARN_ABOUT_RETURN_TYPE = YES_ERROR;
				GCC_WARN_UNDECLARED_SELECTOR = YES;
				GCC_WARN_UNINITIALIZED_AUTOS = YES_AGGRESSIVE;
				GCC_WARN_UNUSED_FUNCTION = YES;
				GCC_WARN_UNUSED_VARIABLE = YES;
				IPHONEOS_DEPLOYMENT_TARGET = 13.0;
				MTL_ENABLE_DEBUG_INFO = INCLUDE_SOURCE;
				MTL_FAST_MATH = YES;
				ONLY_ACTIVE_ARCH = YES;
				SDKROOT = iphoneos;
				SWIFT_ACTIVE_COMPILATION_CONDITIONS = DEBUG;
				SWIFT_OPTIMIZATION_LEVEL = "-Onone";
			};
			name = Debug;
		};
		5242909C2AF0121C00A7F6F2 /* Release */ = {
			isa = XCBuildConfiguration;
			buildSettings = {
				ALWAYS_SEARCH_USER_PATHS = NO;
				CLANG_ANALYZER_NONNULL = YES;
				CLANG_ANALYZER_NUMBER_OBJECT_CONVERSION = YES_AGGRESSIVE;
				CLANG_CXX_LANGUAGE_STANDARD = "gnu++20";
				CLANG_ENABLE_MODULES = YES;
				CLANG_ENABLE_OBJC_ARC = YES;
				CLANG_ENABLE_OBJC_WEAK = YES;
				CLANG_WARN_BLOCK_CAPTURE_AUTORELEASING = YES;
				CLANG_WARN_BOOL_CONVERSION = YES;
				CLANG_WARN_COMMA = YES;
				CLANG_WARN_CONSTANT_CONVERSION = YES;
				CLANG_WARN_DEPRECATED_OBJC_IMPLEMENTATIONS = YES;
				CLANG_WARN_DIRECT_OBJC_ISA_USAGE = YES_ERROR;
				CLANG_WARN_DOCUMENTATION_COMMENTS = YES;
				CLANG_WARN_EMPTY_BODY = YES;
				CLANG_WARN_ENUM_CONVERSION = YES;
				CLANG_WARN_INFINITE_RECURSION = YES;
				CLANG_WARN_INT_CONVERSION = YES;
				CLANG_WARN_NON_LITERAL_NULL_CONVERSION = YES;
				CLANG_WARN_OBJC_IMPLICIT_RETAIN_SELF = YES;
				CLANG_WARN_OBJC_LITERAL_CONVERSION = YES;
				CLANG_WARN_OBJC_ROOT_CLASS = YES_ERROR;
				CLANG_WARN_QUOTED_INCLUDE_IN_FRAMEWORK_HEADER = YES;
				CLANG_WARN_RANGE_LOOP_ANALYSIS = YES;
				CLANG_WARN_STRICT_PROTOTYPES = YES;
				CLANG_WARN_SUSPICIOUS_MOVE = YES;
				CLANG_WARN_UNGUARDED_AVAILABILITY = YES_AGGRESSIVE;
				CLANG_WARN_UNREACHABLE_CODE = YES;
				CLANG_WARN__DUPLICATE_METHOD_MATCH = YES;
				COPY_PHASE_STRIP = NO;
				DEBUG_INFORMATION_FORMAT = "dwarf-with-dsym";
				ENABLE_NS_ASSERTIONS = NO;
				ENABLE_STRICT_OBJC_MSGSEND = YES;
				GCC_C_LANGUAGE_STANDARD = gnu11;
				GCC_NO_COMMON_BLOCKS = YES;
				GCC_WARN_64_TO_32_BIT_CONVERSION = YES;
				GCC_WARN_ABOUT_RETURN_TYPE = YES_ERROR;
				GCC_WARN_UNDECLARED_SELECTOR = YES;
				GCC_WARN_UNINITIALIZED_AUTOS = YES_AGGRESSIVE;
				GCC_WARN_UNUSED_FUNCTION = YES;
				GCC_WARN_UNUSED_VARIABLE = YES;
				IPHONEOS_DEPLOYMENT_TARGET = 13.0;
				MTL_ENABLE_DEBUG_INFO = NO;
				MTL_FAST_MATH = YES;
				SDKROOT = iphoneos;
				SWIFT_COMPILATION_MODE = wholemodule;
				SWIFT_OPTIMIZATION_LEVEL = "-O";
				VALIDATE_PRODUCT = YES;
			};
			name = Release;
		};
		5242909E2AF0121C00A7F6F2 /* Debug */ = {
			isa = XCBuildConfiguration;
			baseConfigurationReference = 95A856C528DCE93FF7E5B419 /* Pods-CUtilityDemo.debug.xcconfig */;
			buildSettings = {
				ASSETCATALOG_COMPILER_APPICON_NAME = AppIcon;
				ASSETCATALOG_COMPILER_GLOBAL_ACCENT_COLOR_NAME = AccentColor;
				CODE_SIGN_STYLE = Automatic;
				CURRENT_PROJECT_VERSION = 1;
				DEVELOPMENT_TEAM = 8SYCX67H7W;
				GENERATE_INFOPLIST_FILE = YES;
				INFOPLIST_FILE = CUtilityDemo/Info.plist;
				INFOPLIST_KEY_UIApplicationSupportsIndirectInputEvents = YES;
				INFOPLIST_KEY_UILaunchStoryboardName = LaunchScreen;
				INFOPLIST_KEY_UIMainStoryboardFile = Main;
				INFOPLIST_KEY_UISupportedInterfaceOrientations_iPad = "UIInterfaceOrientationPortrait UIInterfaceOrientationPortraitUpsideDown UIInterfaceOrientationLandscapeLeft UIInterfaceOrientationLandscapeRight";
				INFOPLIST_KEY_UISupportedInterfaceOrientations_iPhone = "UIInterfaceOrientationPortrait UIInterfaceOrientationLandscapeLeft UIInterfaceOrientationLandscapeRight";
				IPHONEOS_DEPLOYMENT_TARGET = 13.0;
				LD_RUNPATH_SEARCH_PATHS = (
					"$(inherited)",
					"@executable_path/Frameworks",
				);
				MARKETING_VERSION = 1.0;
				PRODUCT_BUNDLE_IDENTIFIER = com.weecen.demo.CUtilityDemo.CUtilityDemo;
				PRODUCT_NAME = "$(TARGET_NAME)";
				SWIFT_EMIT_LOC_STRINGS = YES;
				SWIFT_VERSION = 5.0;
				TARGETED_DEVICE_FAMILY = "1,2";
			};
			name = Debug;
		};
		5242909F2AF0121C00A7F6F2 /* Release */ = {
			isa = XCBuildConfiguration;
			baseConfigurationReference = A47BDFCFC7BE68D0760C8AD7 /* Pods-CUtilityDemo.release.xcconfig */;
			buildSettings = {
				ASSETCATALOG_COMPILER_APPICON_NAME = AppIcon;
				ASSETCATALOG_COMPILER_GLOBAL_ACCENT_COLOR_NAME = AccentColor;
				CODE_SIGN_STYLE = Automatic;
				CURRENT_PROJECT_VERSION = 1;
				DEVELOPMENT_TEAM = 8SYCX67H7W;
				GENERATE_INFOPLIST_FILE = YES;
				INFOPLIST_FILE = CUtilityDemo/Info.plist;
				INFOPLIST_KEY_UIApplicationSupportsIndirectInputEvents = YES;
				INFOPLIST_KEY_UILaunchStoryboardName = LaunchScreen;
				INFOPLIST_KEY_UIMainStoryboardFile = Main;
				INFOPLIST_KEY_UISupportedInterfaceOrientations_iPad = "UIInterfaceOrientationPortrait UIInterfaceOrientationPortraitUpsideDown UIInterfaceOrientationLandscapeLeft UIInterfaceOrientationLandscapeRight";
				INFOPLIST_KEY_UISupportedInterfaceOrientations_iPhone = "UIInterfaceOrientationPortrait UIInterfaceOrientationLandscapeLeft UIInterfaceOrientationLandscapeRight";
				IPHONEOS_DEPLOYMENT_TARGET = 13.0;
				LD_RUNPATH_SEARCH_PATHS = (
					"$(inherited)",
					"@executable_path/Frameworks",
				);
				MARKETING_VERSION = 1.0;
				PRODUCT_BUNDLE_IDENTIFIER = com.weecen.demo.CUtilityDemo.CUtilityDemo;
				PRODUCT_NAME = "$(TARGET_NAME)";
				SWIFT_EMIT_LOC_STRINGS = YES;
				SWIFT_VERSION = 5.0;
				TARGETED_DEVICE_FAMILY = "1,2";
			};
			name = Release;
		};
/* End XCBuildConfiguration section */

/* Begin XCConfigurationList section */
		524290842AF0121C00A7F6F2 /* Build configuration list for PBXProject "CUtilityDemo" */ = {
			isa = XCConfigurationList;
			buildConfigurations = (
				5242909B2AF0121C00A7F6F2 /* Debug */,
				5242909C2AF0121C00A7F6F2 /* Release */,
			);
			defaultConfigurationIsVisible = 0;
			defaultConfigurationName = Release;
		};
		5242909D2AF0121C00A7F6F2 /* Build configuration list for PBXNativeTarget "CUtilityDemo" */ = {
			isa = XCConfigurationList;
			buildConfigurations = (
				5242909E2AF0121C00A7F6F2 /* Debug */,
				5242909F2AF0121C00A7F6F2 /* Release */,
			);
			defaultConfigurationIsVisible = 0;
			defaultConfigurationName = Release;
		};
/* End XCConfigurationList section */
	};
	rootObject = 524290812AF0121C00A7F6F2 /* Project object */;
}
